
Microsoft Visual Studio Solution File, Format Version 12.00
# Visual Studio Version 16
VisualStudioVersion = 16.0.31624.102
MinimumVisualStudioVersion = 10.0.40219.1
Project("{2150E333-8FDC-42A3-9474-1A3956D46DE8}") = "Solution Items", "Solution Items", "{04E57B71-74CA-48C0-B5DC-152FFEE755FB}"
EndProject
Project("{2150E333-8FDC-42A3-9474-1A3956D46DE8}") = "Source", "Source", "{A1ABEF56-7AF4-480B-A011-AA3EB2E6D508}"
EndProject
Project("{2150E333-8FDC-42A3-9474-1A3956D46DE8}") = "Services", "Services", "{9F145B92-B504-477E-BFF6-1842F3454044}"
EndProject
Project("{2150E333-8FDC-42A3-9474-1A3956D46DE8}") = "Building Blocks", "Building Blocks", "{F57BB080-63D1-49E2-9E32-9E3BA7F6C8F9}"
EndProject
Project("{9A19103F-16F7-4668-BE54-9A1E7A4F7556}") = "QuizCreatedOrUpdatedService.FunctionApp", "QuizCreatedOrUpdatedService.FunctionApp\QuizCreatedOrUpdatedService.FunctionApp.csproj", "{8D3C5C5D-1A3C-41A0-83D6-5280D900F61C}"
EndProject
Project("{9A19103F-16F7-4668-BE54-9A1E7A4F7556}") = "QuizTopics.Candidate.API", "Source\QuizTopics.Candidate.API\QuizTopics.Candidate.API.csproj", "{77B111FE-34CA-4623-BF54-EE098FD5F553}"
EndProject
Project("{9A19103F-16F7-4668-BE54-9A1E7A4F7556}") = "QuizTopics.Candidate.Domain", "Source\QuizTopics.Candidate.Domain\QuizTopics.Candidate.Domain.csproj", "{690FC24C-8071-443F-BBD0-12E39750A93F}"
EndProject
Project("{9A19103F-16F7-4668-BE54-9A1E7A4F7556}") = "QuizTopics.Candidate.Application", "Source\QuizTopics.Candidate.Application\QuizTopics.Candidate.Application.csproj", "{E9758704-ABC3-4CB2-99F9-740995B4D8D9}"
EndProject
Project("{9A19103F-16F7-4668-BE54-9A1E7A4F7556}") = "QuizTopics.Candidate.Persistence", "Source\QuizTopics.Candidate.Persistence\QuizTopics.Candidate.Persistence.csproj", "{4B12D965-7E04-4B18-8B73-F88BCAF36EE9}"
EndProject
Project("{9A19103F-16F7-4668-BE54-9A1E7A4F7556}") = "QuizDesigner.Events", "QuizDesigner.Events\QuizDesigner.Events.csproj", "{D5103FF0-1B44-4A95-BE66-4CA76601841F}"
EndProject
Project("{9A19103F-16F7-4668-BE54-9A1E7A4F7556}") = "QuizTopics.Common", "QuizTopics.Common\QuizTopics.Common.csproj", "{5538B628-F4BA-4B20-BB39-9AD6488F37BC}"
EndProject
Project("{2150E333-8FDC-42A3-9474-1A3956D46DE8}") = "Azure", "Azure", "{EC39967B-D545-4FF1-BB9B-8F8D1222763D}"
EndProject
Project("{2150E333-8FDC-42A3-9474-1A3956D46DE8}") = "UI", "UI", "{99240228-7EB8-432F-8CA7-21BB0CF59F7D}"
EndProject
Project("{9A19103F-16F7-4668-BE54-9A1E7A4F7556}") = "QuizTopics.Shared", "QuizTopics.Shared\QuizTopics.Shared.csproj", "{A5D8EC88-83D0-4298-B5FB-49A100604DFA}"
EndProject
Project("{9A19103F-16F7-4668-BE54-9A1E7A4F7556}") = "QuizTopics.IdentityServer", "QuizTopics.IdentityServer\QuizTopics.IdentityServer.csproj", "{B0B08B2F-342F-4864-9A08-4D7966048508}"
EndProject
Project("{9A19103F-16F7-4668-BE54-9A1E7A4F7556}") = "QuizTopics.Candidate.Wasm", "Source\QuizTopics.Candidate.Wasm\QuizTopics.Candidate.Wasm.csproj", "{79CE1AFB-31A0-4D11-8483-A50C30CDCF56}"
EndProject
Global
	GlobalSection(SolutionConfigurationPlatforms) = preSolution
		Debug|Any CPU = Debug|Any CPU
		Release|Any CPU = Release|Any CPU
	EndGlobalSection
	GlobalSection(ProjectConfigurationPlatforms) = postSolution
		{8D3C5C5D-1A3C-41A0-83D6-5280D900F61C}.Debug|Any CPU.ActiveCfg = Debug|Any CPU
		{8D3C5C5D-1A3C-41A0-83D6-5280D900F61C}.Debug|Any CPU.Build.0 = Debug|Any CPU
		{8D3C5C5D-1A3C-41A0-83D6-5280D900F61C}.Release|Any CPU.ActiveCfg = Release|Any CPU
		{8D3C5C5D-1A3C-41A0-83D6-5280D900F61C}.Release|Any CPU.Build.0 = Release|Any CPU
		{77B111FE-34CA-4623-BF54-EE098FD5F553}.Debug|Any CPU.ActiveCfg = Debug|Any CPU
		{77B111FE-34CA-4623-BF54-EE098FD5F553}.Debug|Any CPU.Build.0 = Debug|Any CPU
		{77B111FE-34CA-4623-BF54-EE098FD5F553}.Release|Any CPU.ActiveCfg = Release|Any CPU
		{77B111FE-34CA-4623-BF54-EE098FD5F553}.Release|Any CPU.Build.0 = Release|Any CPU
		{690FC24C-8071-443F-BBD0-12E39750A93F}.Debug|Any CPU.ActiveCfg = Debug|Any CPU
		{690FC24C-8071-443F-BBD0-12E39750A93F}.Debug|Any CPU.Build.0 = Debug|Any CPU
		{690FC24C-8071-443F-BBD0-12E39750A93F}.Release|Any CPU.ActiveCfg = Release|Any CPU
		{690FC24C-8071-443F-BBD0-12E39750A93F}.Release|Any CPU.Build.0 = Release|Any CPU
		{E9758704-ABC3-4CB2-99F9-740995B4D8D9}.Debug|Any CPU.ActiveCfg = Debug|Any CPU
		{E9758704-ABC3-4CB2-99F9-740995B4D8D9}.Debug|Any CPU.Build.0 = Debug|Any CPU
		{E9758704-ABC3-4CB2-99F9-740995B4D8D9}.Release|Any CPU.ActiveCfg = Release|Any CPU
		{E9758704-ABC3-4CB2-99F9-740995B4D8D9}.Release|Any CPU.Build.0 = Release|Any CPU
		{4B12D965-7E04-4B18-8B73-F88BCAF36EE9}.Debug|Any CPU.ActiveCfg = Debug|Any CPU
		{4B12D965-7E04-4B18-8B73-F88BCAF36EE9}.Debug|Any CPU.Build.0 = Debug|Any CPU
		{4B12D965-7E04-4B18-8B73-F88BCAF36EE9}.Release|Any CPU.ActiveCfg = Release|Any CPU
		{4B12D965-7E04-4B18-8B73-F88BCAF36EE9}.Release|Any CPU.Build.0 = Release|Any CPU
		{D5103FF0-1B44-4A95-BE66-4CA76601841F}.Debug|Any CPU.ActiveCfg = Debug|Any CPU
		{D5103FF0-1B44-4A95-BE66-4CA76601841F}.Debug|Any CPU.Build.0 = Debug|Any CPU
		{D5103FF0-1B44-4A95-BE66-4CA76601841F}.Release|Any CPU.ActiveCfg = Release|Any CPU
		{D5103FF0-1B44-4A95-BE66-4CA76601841F}.Release|Any CPU.Build.0 = Release|Any CPU
		{5538B628-F4BA-4B20-BB39-9AD6488F37BC}.Debug|Any CPU.ActiveCfg = Debug|Any CPU
		{5538B628-F4BA-4B20-BB39-9AD6488F37BC}.Debug|Any CPU.Build.0 = Debug|Any CPU
		{5538B628-F4BA-4B20-BB39-9AD6488F37BC}.Release|Any CPU.ActiveCfg = Release|Any CPU
		{5538B628-F4BA-4B20-BB39-9AD6488F37BC}.Release|Any CPU.Build.0 = Release|Any CPU
		{A5D8EC88-83D0-4298-B5FB-49A100604DFA}.Debug|Any CPU.ActiveCfg = Debug|Any CPU
		{A5D8EC88-83D0-4298-B5FB-49A100604DFA}.Debug|Any CPU.Build.0 = Debug|Any CPU
		{A5D8EC88-83D0-4298-B5FB-49A100604DFA}.Release|Any CPU.ActiveCfg = Release|Any CPU
		{A5D8EC88-83D0-4298-B5FB-49A100604DFA}.Release|Any CPU.Build.0 = Release|Any CPU
		{B0B08B2F-342F-4864-9A08-4D7966048508}.Debug|Any CPU.ActiveCfg = Debug|Any CPU
		{B0B08B2F-342F-4864-9A08-4D7966048508}.Debug|Any CPU.Build.0 = Debug|Any CPU
		{B0B08B2F-342F-4864-9A08-4D7966048508}.Release|Any CPU.ActiveCfg = Release|Any CPU
		{B0B08B2F-342F-4864-9A08-4D7966048508}.Release|Any CPU.Build.0 = Release|Any CPU
		{79CE1AFB-31A0-4D11-8483-A50C30CDCF56}.Debug|Any CPU.ActiveCfg = Debug|Any CPU
		{79CE1AFB-31A0-4D11-8483-A50C30CDCF56}.Debug|Any CPU.Build.0 = Debug|Any CPU
		{79CE1AFB-31A0-4D11-8483-A50C30CDCF56}.Release|Any CPU.ActiveCfg = Release|Any CPU
		{79CE1AFB-31A0-4D11-8483-A50C30CDCF56}.Release|Any CPU.Build.0 = Release|Any CPU
	EndGlobalSection
	GlobalSection(SolutionProperties) = preSolution
		HideSolutionNode = FALSE
	EndGlobalSection
	GlobalSection(NestedProjects) = preSolution
		{9F145B92-B504-477E-BFF6-1842F3454044} = {A1ABEF56-7AF4-480B-A011-AA3EB2E6D508}
		{F57BB080-63D1-49E2-9E32-9E3BA7F6C8F9} = {A1ABEF56-7AF4-480B-A011-AA3EB2E6D508}
		{8D3C5C5D-1A3C-41A0-83D6-5280D900F61C} = {EC39967B-D545-4FF1-BB9B-8F8D1222763D}
		{77B111FE-34CA-4623-BF54-EE098FD5F553} = {9F145B92-B504-477E-BFF6-1842F3454044}
		{690FC24C-8071-443F-BBD0-12E39750A93F} = {9F145B92-B504-477E-BFF6-1842F3454044}
		{E9758704-ABC3-4CB2-99F9-740995B4D8D9} = {9F145B92-B504-477E-BFF6-1842F3454044}
		{4B12D965-7E04-4B18-8B73-F88BCAF36EE9} = {9F145B92-B504-477E-BFF6-1842F3454044}
		{D5103FF0-1B44-4A95-BE66-4CA76601841F} = {F57BB080-63D1-49E2-9E32-9E3BA7F6C8F9}
		{5538B628-F4BA-4B20-BB39-9AD6488F37BC} = {F57BB080-63D1-49E2-9E32-9E3BA7F6C8F9}
		{EC39967B-D545-4FF1-BB9B-8F8D1222763D} = {F57BB080-63D1-49E2-9E32-9E3BA7F6C8F9}
		{99240228-7EB8-432F-8CA7-21BB0CF59F7D} = {A1ABEF56-7AF4-480B-A011-AA3EB2E6D508}
		{A5D8EC88-83D0-4298-B5FB-49A100604DFA} = {F57BB080-63D1-49E2-9E32-9E3BA7F6C8F9}
		{B0B08B2F-342F-4864-9A08-4D7966048508} = {F57BB080-63D1-49E2-9E32-9E3BA7F6C8F9}
		{79CE1AFB-31A0-4D11-8483-A50C30CDCF56} = {99240228-7EB8-432F-8CA7-21BB0CF59F7D}
	EndGlobalSection
	GlobalSection(ExtensibilityGlobals) = postSolution
		SolutionGuid = {71E2A4B6-592E-4BD2-89E9-6DC5DCE31B8B}
	EndGlobalSection
EndGlobal
